lockfileVersion: '6.0'

settings:
  autoInstallPeers: true
  excludeLinksFromLockfile: false

dependencies:
  esno:
    specifier: ^4.7.0
    version: 4.7.0
  jsonwebtoken:
    specifier: ^9.0.2
    version: 9.0.2
  koa:
    specifier: ^2.15.2
    version: 2.15.2
  koa-router:
    specifier: ^12.0.1
    version: 12.0.1

devDependencies:
  '@types/node':
    specifier: ^20.12.3
    version: 20.12.3
  typescript:
    specifier: ^5.4.3
    version: 5.4.3

packages:

  /@esbuild/aix-ppc64@0.19.12:
    resolution: {integrity: sha512-bmoCYyWdEL3wDQIVbcyzRyeKLgk2WtWLTWz1ZIAZF/EGbNOwSA6ew3PftJ1PqMiOOGu0OyFMzG53L0zqIpPeNA==, tarball: https://registry.npmmirror.com/@esbuild/aix-ppc64/-/aix-ppc64-0.19.12.tgz}
    engines: {node: '>=12'}
    cpu: [ppc64]
    os: [aix]
    requiresBuild: true
    dev: false
    optional: true

  /@esbuild/android-arm64@0.19.12:
    resolution: {integrity: sha512-P0UVNGIienjZv3f5zq0DP3Nt2IE/3plFzuaS96vihvD0Hd6H/q4WXUGpCxD/E8YrSXfNyRPbpTq+T8ZQioSuPA==, tarball: https://registry.npmmirror.com/@esbuild/android-arm64/-/android-arm64-0.19.12.tgz}
    engines: {node: '>=12'}
    cpu: [arm64]
    os: [android]
    requiresBuild: true
    dev: false
    optional: true

  /@esbuild/android-arm@0.19.12:
    resolution: {integrity: sha512-qg/Lj1mu3CdQlDEEiWrlC4eaPZ1KztwGJ9B6J+/6G+/4ewxJg7gqj8eVYWvao1bXrqGiW2rsBZFSX3q2lcW05w==, tarball: https://registry.npmmirror.com/@esbuild/android-arm/-/android-arm-0.19.12.tgz}
    engines: {node: '>=12'}
    cpu: [arm]
    os: [android]
    requiresBuild: true
    dev: false
    optional: true

  /@esbuild/android-x64@0.19.12:
    resolution: {integrity: sha512-3k7ZoUW6Q6YqhdhIaq/WZ7HwBpnFBlW905Fa4s4qWJyiNOgT1dOqDiVAQFwBH7gBRZr17gLrlFCRzF6jFh7Kew==, tarball: https://registry.npmmirror.com/@esbuild/android-x64/-/android-x64-0.19.12.tgz}
    engines: {node: '>=12'}
    cpu: [x64]
    os: [android]
    requiresBuild: true
    dev: false
    optional: true

  /@esbuild/darwin-arm64@0.19.12:
    resolution: {integrity: sha512-B6IeSgZgtEzGC42jsI+YYu9Z3HKRxp8ZT3cqhvliEHovq8HSX2YX8lNocDn79gCKJXOSaEot9MVYky7AKjCs8g==, tarball: https://registry.npmmirror.com/@esbuild/darwin-arm64/-/darwin-arm64-0.19.12.tgz}
    engines: {node: '>=12'}
    cpu: [arm64]
    os: [darwin]
    requiresBuild: true
    dev: false
    optional: true

  /@esbuild/darwin-x64@0.19.12:
    resolution: {integrity: sha512-hKoVkKzFiToTgn+41qGhsUJXFlIjxI/jSYeZf3ugemDYZldIXIxhvwN6erJGlX4t5h417iFuheZ7l+YVn05N3A==, tarball: https://registry.npmmirror.com/@esbuild/darwin-x64/-/darwin-x64-0.19.12.tgz}
    engines: {node: '>=12'}
    cpu: [x64]
    os: [darwin]
    requiresBuild: true
    dev: false
    optional: true

  /@esbuild/freebsd-arm64@0.19.12:
    resolution: {integrity: sha512-4aRvFIXmwAcDBw9AueDQ2YnGmz5L6obe5kmPT8Vd+/+x/JMVKCgdcRwH6APrbpNXsPz+K653Qg8HB/oXvXVukA==, tarball: https://registry.npmmirror.com/@esbuild/freebsd-arm64/-/freebsd-arm64-0.19.12.tgz}
    engines: {node: '>=12'}
    cpu: [arm64]
    os: [freebsd]
    requiresBuild: true
    dev: false
    optional: true

  /@esbuild/freebsd-x64@0.19.12:
    resolution: {integrity: sha512-EYoXZ4d8xtBoVN7CEwWY2IN4ho76xjYXqSXMNccFSx2lgqOG/1TBPW0yPx1bJZk94qu3tX0fycJeeQsKovA8gg==, tarball: https://registry.npmmirror.com/@esbuild/freebsd-x64/-/freebsd-x64-0.19.12.tgz}
    engines: {node: '>=12'}
    cpu: [x64]
    os: [freebsd]
    requiresBuild: true
    dev: false
    optional: true

  /@esbuild/linux-arm64@0.19.12:
    resolution: {integrity: sha512-EoTjyYyLuVPfdPLsGVVVC8a0p1BFFvtpQDB/YLEhaXyf/5bczaGeN15QkR+O4S5LeJ92Tqotve7i1jn35qwvdA==, tarball: https://registry.npmmirror.com/@esbuild/linux-arm64/-/linux-arm64-0.19.12.tgz}
    engines: {node: '>=12'}
    cpu: [arm64]
    os: [linux]
    requiresBuild: true
    dev: false
    optional: true

  /@esbuild/linux-arm@0.19.12:
    resolution: {integrity: sha512-J5jPms//KhSNv+LO1S1TX1UWp1ucM6N6XuL6ITdKWElCu8wXP72l9MM0zDTzzeikVyqFE6U8YAV9/tFyj0ti+w==, tarball: https://registry.npmmirror.com/@esbuild/linux-arm/-/linux-arm-0.19.12.tgz}
    engines: {node: '>=12'}
    cpu: [arm]
    os: [linux]
    requiresBuild: true
    dev: false
    optional: true

  /@esbuild/linux-ia32@0.19.12:
    resolution: {integrity: sha512-Thsa42rrP1+UIGaWz47uydHSBOgTUnwBwNq59khgIwktK6x60Hivfbux9iNR0eHCHzOLjLMLfUMLCypBkZXMHA==, tarball: https://registry.npmmirror.com/@esbuild/linux-ia32/-/linux-ia32-0.19.12.tgz}
    engines: {node: '>=12'}
    cpu: [ia32]
    os: [linux]
    requiresBuild: true
    dev: false
    optional: true

  /@esbuild/linux-loong64@0.19.12:
    resolution: {integrity: sha512-LiXdXA0s3IqRRjm6rV6XaWATScKAXjI4R4LoDlvO7+yQqFdlr1Bax62sRwkVvRIrwXxvtYEHHI4dm50jAXkuAA==, tarball: https://registry.npmmirror.com/@esbuild/linux-loong64/-/linux-loong64-0.19.12.tgz}
    engines: {node: '>=12'}
    cpu: [loong64]
    os: [linux]
    requiresBuild: true
    dev: false
    optional: true

  /@esbuild/linux-mips64el@0.19.12:
    resolution: {integrity: sha512-fEnAuj5VGTanfJ07ff0gOA6IPsvrVHLVb6Lyd1g2/ed67oU1eFzL0r9WL7ZzscD+/N6i3dWumGE1Un4f7Amf+w==, tarball: https://registry.npmmirror.com/@esbuild/linux-mips64el/-/linux-mips64el-0.19.12.tgz}
    engines: {node: '>=12'}
    cpu: [mips64el]
    os: [linux]
    requiresBuild: true
    dev: false
    optional: true

  /@esbuild/linux-ppc64@0.19.12:
    resolution: {integrity: sha512-nYJA2/QPimDQOh1rKWedNOe3Gfc8PabU7HT3iXWtNUbRzXS9+vgB0Fjaqr//XNbd82mCxHzik2qotuI89cfixg==, tarball: https://registry.npmmirror.com/@esbuild/linux-ppc64/-/linux-ppc64-0.19.12.tgz}
    engines: {node: '>=12'}
    cpu: [ppc64]
    os: [linux]
    requiresBuild: true
    dev: false
    optional: true

  /@esbuild/linux-riscv64@0.19.12:
    resolution: {integrity: sha512-2MueBrlPQCw5dVJJpQdUYgeqIzDQgw3QtiAHUC4RBz9FXPrskyyU3VI1hw7C0BSKB9OduwSJ79FTCqtGMWqJHg==, tarball: https://registry.npmmirror.com/@esbuild/linux-riscv64/-/linux-riscv64-0.19.12.tgz}
    engines: {node: '>=12'}
    cpu: [riscv64]
    os: [linux]
    requiresBuild: true
    dev: false
    optional: true

  /@esbuild/linux-s390x@0.19.12:
    resolution: {integrity: sha512-+Pil1Nv3Umes4m3AZKqA2anfhJiVmNCYkPchwFJNEJN5QxmTs1uzyy4TvmDrCRNT2ApwSari7ZIgrPeUx4UZDg==, tarball: https://registry.npmmirror.com/@esbuild/linux-s390x/-/linux-s390x-0.19.12.tgz}
    engines: {node: '>=12'}
    cpu: [s390x]
    os: [linux]
    requiresBuild: true
    dev: false
    optional: true

  /@esbuild/linux-x64@0.19.12:
    resolution: {integrity: sha512-B71g1QpxfwBvNrfyJdVDexenDIt1CiDN1TIXLbhOw0KhJzE78KIFGX6OJ9MrtC0oOqMWf+0xop4qEU8JrJTwCg==, tarball: https://registry.npmmirror.com/@esbuild/linux-x64/-/linux-x64-0.19.12.tgz}
    engines: {node: '>=12'}
    cpu: [x64]
    os: [linux]
    requiresBuild: true
    dev: false
    optional: true

  /@esbuild/netbsd-x64@0.19.12:
    resolution: {integrity: sha512-3ltjQ7n1owJgFbuC61Oj++XhtzmymoCihNFgT84UAmJnxJfm4sYCiSLTXZtE00VWYpPMYc+ZQmB6xbSdVh0JWA==, tarball: https://registry.npmmirror.com/@esbuild/netbsd-x64/-/netbsd-x64-0.19.12.tgz}
    engines: {node: '>=12'}
    cpu: [x64]
    os: [netbsd]
    requiresBuild: true
    dev: false
    optional: true

  /@esbuild/openbsd-x64@0.19.12:
    resolution: {integrity: sha512-RbrfTB9SWsr0kWmb9srfF+L933uMDdu9BIzdA7os2t0TXhCRjrQyCeOt6wVxr79CKD4c+p+YhCj31HBkYcXebw==, tarball: https://registry.npmmirror.com/@esbuild/openbsd-x64/-/openbsd-x64-0.19.12.tgz}
    engines: {node: '>=12'}
    cpu: [x64]
    os: [openbsd]
    requiresBuild: true
    dev: false
    optional: true

  /@esbuild/sunos-x64@0.19.12:
    resolution: {integrity: sha512-HKjJwRrW8uWtCQnQOz9qcU3mUZhTUQvi56Q8DPTLLB+DawoiQdjsYq+j+D3s9I8VFtDr+F9CjgXKKC4ss89IeA==, tarball: https://registry.npmmirror.com/@esbuild/sunos-x64/-/sunos-x64-0.19.12.tgz}
    engines: {node: '>=12'}
    cpu: [x64]
    os: [sunos]
    requiresBuild: true
    dev: false
    optional: true

  /@esbuild/win32-arm64@0.19.12:
    resolution: {integrity: sha512-URgtR1dJnmGvX864pn1B2YUYNzjmXkuJOIqG2HdU62MVS4EHpU2946OZoTMnRUHklGtJdJZ33QfzdjGACXhn1A==, tarball: https://registry.npmmirror.com/@esbuild/win32-arm64/-/win32-arm64-0.19.12.tgz}
    engines: {node: '>=12'}
    cpu: [arm64]
    os: [win32]
    requiresBuild: true
    dev: false
    optional: true

  /@esbuild/win32-ia32@0.19.12:
    resolution: {integrity: sha512-+ZOE6pUkMOJfmxmBZElNOx72NKpIa/HFOMGzu8fqzQJ5kgf6aTGrcJaFsNiVMH4JKpMipyK+7k0n2UXN7a8YKQ==, tarball: https://registry.npmmirror.com/@esbuild/win32-ia32/-/win32-ia32-0.19.12.tgz}
    engines: {node: '>=12'}
    cpu: [ia32]
    os: [win32]
    requiresBuild: true
    dev: false
    optional: true

  /@esbuild/win32-x64@0.19.12:
    resolution: {integrity: sha512-T1QyPSDCyMXaO3pzBkF96E8xMkiRYbUEZADd29SyPGabqxMViNoii+NcK7eWJAEoU6RZyEm5lVSIjTmcdoB9HA==, tarball: https://registry.npmmirror.com/@esbuild/win32-x64/-/win32-x64-0.19.12.tgz}
    engines: {node: '>=12'}
    cpu: [x64]
    os: [win32]
    requiresBuild: true
    dev: false
    optional: true

  /@types/node@20.12.3:
    resolution: {integrity: sha512-sD+ia2ubTeWrOu+YMF+MTAB7E+O7qsMqAbMfW7DG3K1URwhZ5hN1pLlRVGbf4wDFzSfikL05M17EyorS86jShw==, tarball: https://registry.npmmirror.com/@types/node/-/node-20.12.3.tgz}
    dependencies:
      undici-types: 5.26.5
    dev: true

  /accepts@1.3.8:
    resolution: {integrity: sha512-PYAthTa2m2VKxuvSD3DPC/Gy+U+sOA1LAuT8mkmRuvw+NACSaeXEQ+NHcVF7rONl6qcaxV3Uuemwawk+7+SJLw==, tarball: https://registry.npmmirror.com/accepts/-/accepts-1.3.8.tgz}
    engines: {node: '>= 0.6'}
    dependencies:
      mime-types: 2.1.35
      negotiator: 0.6.3
    dev: false

  /buffer-equal-constant-time@1.0.1:
    resolution: {integrity: sha512-zRpUiDwd/xk6ADqPMATG8vc9VPrkck7T07OIx0gnjmJAnHnTVXNQG3vfvWNuiZIkwu9KrKdA1iJKfsfTVxE6NA==, tarball: https://registry.npmmirror.com/buffer-equal-constant-time/-/buffer-equal-constant-time-1.0.1.tgz}
    dev: false

  /cache-content-type@1.0.1:
    resolution: {integrity: sha512-IKufZ1o4Ut42YUrZSo8+qnMTrFuKkvyoLXUywKz9GJ5BrhOFGhLdkx9sG4KAnVvbY6kEcSFjLQul+DVmBm2bgA==, tarball: https://registry.npmmirror.com/cache-content-type/-/cache-content-type-1.0.1.tgz}
    engines: {node: '>= 6.0.0'}
    dependencies:
      mime-types: 2.1.35
      ylru: 1.4.0
    dev: false

  /co@4.6.0:
    resolution: {integrity: sha512-QVb0dM5HvG+uaxitm8wONl7jltx8dqhfU33DcqtOZcLSVIKSDDLDi7+0LbAKiyI8hD9u42m2YxXSkMGWThaecQ==, tarball: https://registry.npmmirror.com/co/-/co-4.6.0.tgz}
    engines: {iojs: '>= 1.0.0', node: '>= 0.12.0'}
    dev: false

  /content-disposition@0.5.4:
    resolution: {integrity: sha512-FveZTNuGw04cxlAiWbzi6zTAL/lhehaWbTtgluJh4/E95DqMwTmha3KZN1aAWA8cFIhHzMZUvLevkw5Rqk+tSQ==, tarball: https://registry.npmmirror.com/content-disposition/-/content-disposition-0.5.4.tgz}
    engines: {node: '>= 0.6'}
    dependencies:
      safe-buffer: 5.2.1
    dev: false

  /content-type@1.0.5:
    resolution: {integrity: sha512-nTjqfcBFEipKdXCv4YDQWCfmcLZKm81ldF0pAopTvyrFGVbcR6P/VAAd5G7N+0tTr8QqiU0tFadD6FK4NtJwOA==, tarball: https://registry.npmmirror.com/content-type/-/content-type-1.0.5.tgz}
    engines: {node: '>= 0.6'}
    dev: false

  /cookies@0.9.1:
    resolution: {integrity: sha512-TG2hpqe4ELx54QER/S3HQ9SRVnQnGBtKUz5bLQWtYAQ+o6GpgMs6sYUvaiJjVxb+UXwhRhAEP3m7LbsIZ77Hmw==, tarball: https://registry.npmmirror.com/cookies/-/cookies-0.9.1.tgz}
    engines: {node: '>= 0.8'}
    dependencies:
      depd: 2.0.0
      keygrip: 1.1.0
    dev: false

  /debug@4.3.4:
    resolution: {integrity: sha512-PRWFHuSU3eDtQJPvnNY7Jcket1j0t5OuOsFzPPzsekD52Zl8qUfFIPEiswXqIvHWGVHOgX+7G/vCNNhehwxfkQ==, tarball: https://registry.npmmirror.com/debug/-/debug-4.3.4.tgz}
    engines: {node: '>=6.0'}
    peerDependencies:
      supports-color: '*'
    peerDependenciesMeta:
      supports-color:
        optional: true
    dependencies:
      ms: 2.1.2
    dev: false

  /deep-equal@1.0.1:
    resolution: {integrity: sha512-bHtC0iYvWhyaTzvV3CZgPeZQqCOBGyGsVV7v4eevpdkLHfiSrXUdBG+qAuSz4RI70sszvjQ1QSZ98An1yNwpSw==, tarball: https://registry.npmmirror.com/deep-equal/-/deep-equal-1.0.1.tgz}
    dev: false

  /delegates@1.0.0:
    resolution: {integrity: sha512-bd2L678uiWATM6m5Z1VzNCErI3jiGzt6HGY8OVICs40JQq/HALfbyNJmp0UDakEY4pMMaN0Ly5om/B1VI/+xfQ==, tarball: https://registry.npmmirror.com/delegates/-/delegates-1.0.0.tgz}
    dev: false

  /depd@1.1.2:
    resolution: {integrity: sha512-7emPTl6Dpo6JRXOXjLRxck+FlLRX5847cLKEn00PLAgc3g2hTZZgr+e4c2v6QpSmLeFP3n5yUo7ft6avBK/5jQ==, tarball: https://registry.npmmirror.com/depd/-/depd-1.1.2.tgz}
    engines: {node: '>= 0.6'}
    dev: false

  /depd@2.0.0:
    resolution: {integrity: sha512-g7nH6P6dyDioJogAAGprGpCtVImJhpPk/roCzdb3fIh61/s/nPsfR6onyMwkCAR/OlC3yBC0lESvUoQEAssIrw==, tarball: https://registry.npmmirror.com/depd/-/depd-2.0.0.tgz}
    engines: {node: '>= 0.8'}
    dev: false

  /destroy@1.2.0:
    resolution: {integrity: sha512-2sJGJTaXIIaR1w4iJSNoN0hnMY7Gpc/n8D4qSCJw8QqFWXf7cuAgnEHxBpweaVcPevC2l3KpjYCx3NypQQgaJg==, tarball: https://registry.npmmirror.com/destroy/-/destroy-1.2.0.tgz}
    engines: {node: '>= 0.8', npm: 1.2.8000 || >= 1.4.16}
    dev: false

  /ecdsa-sig-formatter@1.0.11:
    resolution: {integrity: sha512-nagl3RYrbNv6kQkeJIpt6NJZy8twLB/2vtz6yN9Z4vRKHN4/QZJIEbqohALSgwKdnksuY3k5Addp5lg8sVoVcQ==, tarball: https://registry.npmmirror.com/ecdsa-sig-formatter/-/ecdsa-sig-formatter-1.0.11.tgz}
    dependencies:
      safe-buffer: 5.2.1
    dev: false

  /ee-first@1.1.1:
    resolution: {integrity: sha512-WMwm9LhRUo+WUaRN+vRuETqG89IgZphVSNkdFgeb6sS/E4OrDIN7t48CAewSHXc6C8lefD8KKfr5vY61brQlow==, tarball: https://registry.npmmirror.com/ee-first/-/ee-first-1.1.1.tgz}
    dev: false

  /encodeurl@1.0.2:
    resolution: {integrity: sha512-TPJXq8JqFaVYm2CWmPvnP2Iyo4ZSM7/QKcSmuMLDObfpH5fi7RUGmd/rTDf+rut/saiDiQEeVTNgAmJEdAOx0w==, tarball: https://registry.npmmirror.com/encodeurl/-/encodeurl-1.0.2.tgz}
    engines: {node: '>= 0.8'}
    dev: false

  /esbuild@0.19.12:
    resolution: {integrity: sha512-aARqgq8roFBj054KvQr5f1sFu0D65G+miZRCuJyJ0G13Zwx7vRar5Zhn2tkQNzIXcBrNVsv/8stehpj+GAjgbg==, tarball: https://registry.npmmirror.com/esbuild/-/esbuild-0.19.12.tgz}
    engines: {node: '>=12'}
    hasBin: true
    requiresBuild: true
    optionalDependencies:
      '@esbuild/aix-ppc64': 0.19.12
      '@esbuild/android-arm': 0.19.12
      '@esbuild/android-arm64': 0.19.12
      '@esbuild/android-x64': 0.19.12
      '@esbuild/darwin-arm64': 0.19.12
      '@esbuild/darwin-x64': 0.19.12
      '@esbuild/freebsd-arm64': 0.19.12
      '@esbuild/freebsd-x64': 0.19.12
      '@esbuild/linux-arm': 0.19.12
      '@esbuild/linux-arm64': 0.19.12
      '@esbuild/linux-ia32': 0.19.12
      '@esbuild/linux-loong64': 0.19.12
      '@esbuild/linux-mips64el': 0.19.12
      '@esbuild/linux-ppc64': 0.19.12
      '@esbuild/linux-riscv64': 0.19.12
      '@esbuild/linux-s390x': 0.19.12
      '@esbuild/linux-x64': 0.19.12
      '@esbuild/netbsd-x64': 0.19.12
      '@esbuild/openbsd-x64': 0.19.12
      '@esbuild/sunos-x64': 0.19.12
      '@esbuild/win32-arm64': 0.19.12
      '@esbuild/win32-ia32': 0.19.12
      '@esbuild/win32-x64': 0.19.12
    dev: false

  /escape-html@1.0.3:
    resolution: {integrity: sha512-NiSupZ4OeuGwr68lGIeym/ksIZMJodUGOSCZ/FSnTxcrekbvqrgdUxlJOMpijaKZVjAJrWrGs/6Jy8OMuyj9ow==, tarball: https://registry.npmmirror.com/escape-html/-/escape-html-1.0.3.tgz}
    dev: false

  /esno@4.7.0:
    resolution: {integrity: sha512-81owrjxIxOwqcABt20U09Wn8lpBo9K6ttqbGvQcB3VYNLJyaV1fvKkDtpZd3Rj5BX3WXiGiJCjUevKQGNICzJg==, tarball: https://registry.npmmirror.com/esno/-/esno-4.7.0.tgz}
    hasBin: true
    dependencies:
      tsx: 4.7.1
    dev: false

  /fresh@0.5.2:
    resolution: {integrity: sha512-zJ2mQYM18rEFOudeV4GShTGIQ7RbzA7ozbU9I/XBpm7kqgMywgmylMwXHxZJmkVoYkna9d2pVXVXPdYTP9ej8Q==, tarball: https://registry.npmmirror.com/fresh/-/fresh-0.5.2.tgz}
    engines: {node: '>= 0.6'}
    dev: false

  /fsevents@2.3.3:
    resolution: {integrity: sha512-5xoDfX+fL7faATnagmWPpbFtwh/R77WmMMqqHGS65C3vvB0YHrgF+B1YmZ3441tMj5n63k0212XNoJwzlhffQw==, tarball: https://registry.npmmirror.com/fsevents/-/fsevents-2.3.3.tgz}
    engines: {node: ^8.16.0 || ^10.6.0 || >=11.0.0}
    os: [darwin]
    requiresBuild: true
    dev: false
    optional: true

  /get-tsconfig@4.7.3:
    resolution: {integrity: sha512-ZvkrzoUA0PQZM6fy6+/Hce561s+faD1rsNwhnO5FelNjyy7EMGJ3Rz1AQ8GYDWjhRs/7dBLOEJvhK8MiEJOAFg==, tarball: https://registry.npmmirror.com/get-tsconfig/-/get-tsconfig-4.7.3.tgz}
    dependencies:
      resolve-pkg-maps: 1.0.0
    dev: false

  /has-symbols@1.0.3:
    resolution: {integrity: sha512-l3LCuF6MgDNwTDKkdYGEihYjt5pRPbEg46rtlmnSPlUbgmB8LOIrKJbYYFBSbnPaJexMKtiPO8hmeRjRz2Td+A==, tarball: https://registry.npmmirror.com/has-symbols/-/has-symbols-1.0.3.tgz}
    engines: {node: '>= 0.4'}
    dev: false

  /has-tostringtag@1.0.2:
    resolution: {integrity: sha512-NqADB8VjPFLM2V0VvHUewwwsw0ZWBaIdgo+ieHtK3hasLz4qeCRjYcqfB6AQrBggRKppKF8L52/VqdVsO47Dlw==, tarball: https://registry.npmmirror.com/has-tostringtag/-/has-tostringtag-1.0.2.tgz}
    engines: {node: '>= 0.4'}
    dependencies:
      has-symbols: 1.0.3
    dev: false

  /http-assert@1.5.0:
    resolution: {integrity: sha512-uPpH7OKX4H25hBmU6G1jWNaqJGpTXxey+YOUizJUAgu0AjLUeC8D73hTrhvDS5D+GJN1DN1+hhc/eF/wpxtp0w==, tarball: https://registry.npmmirror.com/http-assert/-/http-assert-1.5.0.tgz}
    engines: {node: '>= 0.8'}
    dependencies:
      deep-equal: 1.0.1
      http-errors: 1.8.1
    dev: false

  /http-errors@1.8.1:
    resolution: {integrity: sha512-Kpk9Sm7NmI+RHhnj6OIWDI1d6fIoFAtFt9RLaTMRlg/8w49juAStsrBgp0Dp4OdxdVbRIeKhtCUvoi/RuAhO4g==, tarball: https://registry.npmmirror.com/http-errors/-/http-errors-1.8.1.tgz}
    engines: {node: '>= 0.6'}
    dependencies:
      depd: 1.1.2
      inherits: 2.0.4
      setprototypeof: 1.2.0
      statuses: 1.5.0
      toidentifier: 1.0.1
    dev: false

  /http-errors@2.0.0:
    resolution: {integrity: sha512-FtwrG/euBzaEjYeRqOgly7G0qviiXoJWnvEH2Z1plBdXgbyjv34pHTSb9zoeHMyDy33+DWy5Wt9Wo+TURtOYSQ==, tarball: https://registry.npmmirror.com/http-errors/-/http-errors-2.0.0.tgz}
    engines: {node: '>= 0.8'}
    dependencies:
      depd: 2.0.0
      inherits: 2.0.4
      setprototypeof: 1.2.0
      statuses: 2.0.1
      toidentifier: 1.0.1
    dev: false

  /inherits@2.0.4:
    resolution: {integrity: sha512-k/vGaX4/Yla3WzyMCvTQOXYeIHvqOKtnqBduzTHpzpQZzAskKMhZ2K+EnBiSM9zGSoIFeMpXKxa4dYeZIQqewQ==, tarball: https://registry.npmmirror.com/inherits/-/inherits-2.0.4.tgz}
    dev: false

  /is-generator-function@1.0.10:
    resolution: {integrity: sha512-jsEjy9l3yiXEQ+PsXdmBwEPcOxaXWLspKdplFUVI9vq1iZgIekeC0L167qeu86czQaxed3q/Uzuw0swL0irL8A==, tarball: https://registry.npmmirror.com/is-generator-function/-/is-generator-function-1.0.10.tgz}
    engines: {node: '>= 0.4'}
    dependencies:
      has-tostringtag: 1.0.2
    dev: false

  /jsonwebtoken@9.0.2:
    resolution: {integrity: sha512-PRp66vJ865SSqOlgqS8hujT5U4AOgMfhrwYIuIhfKaoSCZcirrmASQr8CX7cUg+RMih+hgznrjp99o+W4pJLHQ==, tarball: https://registry.npmmirror.com/jsonwebtoken/-/jsonwebtoken-9.0.2.tgz}
    engines: {node: '>=12', npm: '>=6'}
    dependencies:
      jws: 3.2.2
      lodash.includes: 4.3.0
      lodash.isboolean: 3.0.3
      lodash.isinteger: 4.0.4
      lodash.isnumber: 3.0.3
      lodash.isplainobject: 4.0.6
      lodash.isstring: 4.0.1
      lodash.once: 4.1.1
      ms: 2.1.2
      semver: 7.6.0
    dev: false

  /jwa@1.4.1:
    resolution: {integrity: sha512-qiLX/xhEEFKUAJ6FiBMbes3w9ATzyk5W7Hvzpa/SLYdxNtng+gcurvrI7TbACjIXlsJyr05/S1oUhZrc63evQA==, tarball: https://registry.npmmirror.com/jwa/-/jwa-1.4.1.tgz}
    dependencies:
      buffer-equal-constant-time: 1.0.1
      ecdsa-sig-formatter: 1.0.11
      safe-buffer: 5.2.1
    dev: false

  /jws@3.2.2:
    resolution: {integrity: sha512-YHlZCB6lMTllWDtSPHz/ZXTsi8S00usEV6v1tjq8tOUZzw7DpSDWVXjXDre6ed1w/pd495ODpHZYSdkRTsa0HA==, tarball: https://registry.npmmirror.com/jws/-/jws-3.2.2.tgz}
    dependencies:
      jwa: 1.4.1
      safe-buffer: 5.2.1
    dev: false

  /keygrip@1.1.0:
    resolution: {integrity: sha512-iYSchDJ+liQ8iwbSI2QqsQOvqv58eJCEanyJPJi+Khyu8smkcKSFUCbPwzFcL7YVtZ6eONjqRX/38caJ7QjRAQ==, tarball: https://registry.npmmirror.com/keygrip/-/keygrip-1.1.0.tgz}
    engines: {node: '>= 0.6'}
    dependencies:
      tsscmp: 1.0.6
    dev: false

  /koa-compose@4.1.0:
    resolution: {integrity: sha512-8ODW8TrDuMYvXRwra/Kh7/rJo9BtOfPc6qO8eAfC80CnCvSjSl0bkRM24X6/XBBEyj0v1nRUQ1LyOy3dbqOWXw==, tarball: https://registry.npmmirror.com/koa-compose/-/koa-compose-4.1.0.tgz}
    dev: false

  /koa-convert@2.0.0:
    resolution: {integrity: sha512-asOvN6bFlSnxewce2e/DK3p4tltyfC4VM7ZwuTuepI7dEQVcvpyFuBcEARu1+Hxg8DIwytce2n7jrZtRlPrARA==, tarball: https://registry.npmmirror.com/koa-convert/-/koa-convert-2.0.0.tgz}
    engines: {node: '>= 10'}
    dependencies:
      co: 4.6.0
      koa-compose: 4.1.0
    dev: false

  /koa-router@12.0.1:
    resolution: {integrity: sha512-gaDdj3GtzoLoeosacd50kBBTnnh3B9AYxDThQUo4sfUyXdOhY6ku1qyZKW88tQCRgc3Sw6ChXYXWZwwgjOxE0w==, tarball: https://registry.npmmirror.com/koa-router/-/koa-router-12.0.1.tgz}
    engines: {node: '>= 12'}
    dependencies:
      debug: 4.3.4
      http-errors: 2.0.0
      koa-compose: 4.1.0
      methods: 1.1.2
      path-to-regexp: 6.2.1
    transitivePeerDependencies:
      - supports-color
    dev: false

  /koa@2.15.2:
    resolution: {integrity: sha512-MXTeZH3M6AJ8ukW2QZ8wqO3Dcdfh2WRRmjCBkEP+NhKNCiqlO5RDqHmSnsyNrbRJrdjyvIGSJho4vQiWgQJSVA==, tarball: https://registry.npmmirror.com/koa/-/koa-2.15.2.tgz}
    engines: {node: ^4.8.4 || ^6.10.1 || ^7.10.1 || >= 8.1.4}
    dependencies:
      accepts: 1.3.8
      cache-content-type: 1.0.1
      content-disposition: 0.5.4
      content-type: 1.0.5
      cookies: 0.9.1
      debug: 4.3.4
      delegates: 1.0.0
      depd: 2.0.0
      destroy: 1.2.0
      encodeurl: 1.0.2
      escape-html: 1.0.3
      fresh: 0.5.2
      http-assert: 1.5.0
      http-errors: 1.8.1
      is-generator-function: 1.0.10
      koa-compose: 4.1.0
      koa-convert: 2.0.0
      on-finished: 2.4.1
      only: 0.0.2
      parseurl: 1.3.3
      statuses: 1.5.0
      type-is: 1.6.18
      vary: 1.1.2
    transitivePeerDependencies:
      - supports-color
    dev: false

  /lodash.includes@4.3.0:
    resolution: {integrity: sha512-W3Bx6mdkRTGtlJISOvVD/lbqjTlPPUDTMnlXZFnVwi9NKJ6tiAk6LVdlhZMm17VZisqhKcgzpO5Wz91PCt5b0w==, tarball: https://registry.npmmirror.com/lodash.includes/-/lodash.includes-4.3.0.tgz}
    dev: false

  /lodash.isboolean@3.0.3:
    resolution: {integrity: sha512-Bz5mupy2SVbPHURB98VAcw+aHh4vRV5IPNhILUCsOzRmsTmSQ17jIuqopAentWoehktxGd9e/hbIXq980/1QJg==, tarball: https://registry.npmmirror.com/lodash.isboolean/-/lodash.isboolean-3.0.3.tgz}
    dev: false

  /lodash.isinteger@4.0.4:
    resolution: {integrity: sha512-DBwtEWN2caHQ9/imiNeEA5ys1JoRtRfY3d7V9wkqtbycnAmTvRRmbHKDV4a0EYc678/dia0jrte4tjYwVBaZUA==, tarball: https://registry.npmmirror.com/lodash.isinteger/-/lodash.isinteger-4.0.4.tgz}
    dev: false

  /lodash.isnumber@3.0.3:
    resolution: {integrity: sha512-QYqzpfwO3/CWf3XP+Z+tkQsfaLL/EnUlXWVkIk5FUPc4sBdTehEqZONuyRt2P67PXAk+NXmTBcc97zw9t1FQrw==, tarball: https://registry.npmmirror.com/lodash.isnumber/-/lodash.isnumber-3.0.3.tgz}
    dev: false

  /lodash.isplainobject@4.0.6:
    resolution: {integrity: sha512-oSXzaWypCMHkPC3NvBEaPHf0KsA5mvPrOPgQWDsbg8n7orZ290M0BmC/jgRZ4vcJ6DTAhjrsSYgdsW/F+MFOBA==, tarball: https://registry.npmmirror.com/lodash.isplainobject/-/lodash.isplainobject-4.0.6.tgz}
    dev: false

  /lodash.isstring@4.0.1:
    resolution: {integrity: sha512-0wJxfxH1wgO3GrbuP+dTTk7op+6L41QCXbGINEmD+ny/G/eCqGzxyCsh7159S+mgDDcoarnBw6PC1PS5+wUGgw==, tarball: https://registry.npmmirror.com/lodash.isstring/-/lodash.isstring-4.0.1.tgz}
    dev: false

  /lodash.once@4.1.1:
    resolution: {integrity: sha512-Sb487aTOCr9drQVL8pIxOzVhafOjZN9UU54hiN8PU3uAiSV7lx1yYNpbNmex2PK6dSJoNTSJUUswT651yww3Mg==, tarball: https://registry.npmmirror.com/lodash.once/-/lodash.once-4.1.1.tgz}
    dev: false

  /lru-cache@6.0.0:
    resolution: {integrity: sha512-Jo6dJ04CmSjuznwJSS3pUeWmd/H0ffTlkXXgwZi+eq1UCmqQwCh+eLsYOYCwY991i2Fah4h1BEMCx4qThGbsiA==, tarball: https://registry.npmmirror.com/lru-cache/-/lru-cache-6.0.0.tgz}
    engines: {node: '>=10'}
    dependencies:
      yallist: 4.0.0
    dev: false

  /media-typer@0.3.0:
    resolution: {integrity: sha512-dq+qelQ9akHpcOl/gUVRTxVIOkAJ1wR3QAvb4RsVjS8oVoFjDGTc679wJYmUmknUF5HwMLOgb5O+a3KxfWapPQ==, tarball: https://registry.npmmirror.com/media-typer/-/media-typer-0.3.0.tgz}
    engines: {node: '>= 0.6'}
    dev: false

  /methods@1.1.2:
    resolution: {integrity: sha512-iclAHeNqNm68zFtnZ0e+1L2yUIdvzNoauKU4WBA3VvH/vPFieF7qfRlwUZU+DA9P9bPXIS90ulxoUoCH23sV2w==, tarball: https://registry.npmmirror.com/methods/-/methods-1.1.2.tgz}
    engines: {node: '>= 0.6'}
    dev: false

  /mime-db@1.52.0:
    resolution: {integrity: sha512-sPU4uV7dYlvtWJxwwxHD0PuihVNiE7TyAbQ5SWxDCB9mUYvOgroQOwYQQOKPJ8CIbE+1ETVlOoK1UC2nU3gYvg==, tarball: https://registry.npmmirror.com/mime-db/-/mime-db-1.52.0.tgz}
    engines: {node: '>= 0.6'}
    dev: false

  /mime-types@2.1.35:
    resolution: {integrity: sha512-ZDY+bPm5zTTF+YpCrAU9nK0UgICYPT0QtT1NZWFv4s++TNkcgVaT0g6+4R2uI4MjQjzysHB1zxuWL50hzaeXiw==, tarball: https://registry.npmmirror.com/mime-types/-/mime-types-2.1.35.tgz}
    engines: {node: '>= 0.6'}
    dependencies:
      mime-db: 1.52.0
    dev: false

  /ms@2.1.2:
    resolution: {integrity: sha512-sGkPx+VjMtmA6MX27oA4FBFELFCZZ4S4XqeGOXCv68tT+jb3vk/RyaKWP0PTKyWtmLSM0b+adUTEvbs1PEaH2w==, tarball: https://registry.npmmirror.com/ms/-/ms-2.1.2.tgz}
    dev: false

  /negotiator@0.6.3:
    resolution: {integrity: sha512-+EUsqGPLsM+j/zdChZjsnX51g4XrHFOIXwfnCVPGlQk/k5giakcKsuxCObBRu6DSm9opw/O6slWbJdghQM4bBg==, tarball: https://registry.npmmirror.com/negotiator/-/negotiator-0.6.3.tgz}
    engines: {node: '>= 0.6'}
    dev: false

  /on-finished@2.4.1:
    resolution: {integrity: sha512-oVlzkg3ENAhCk2zdv7IJwd/QUD4z2RxRwpkcGY8psCVcCYZNq4wYnVWALHM+brtuJjePWiYF/ClmuDr8Ch5+kg==, tarball: https://registry.npmmirror.com/on-finished/-/on-finished-2.4.1.tgz}
    engines: {node: '>= 0.8'}
    dependencies:
      ee-first: 1.1.1
    dev: false

  /only@0.0.2:
    resolution: {integrity: sha512-Fvw+Jemq5fjjyWz6CpKx6w9s7xxqo3+JCyM0WXWeCSOboZ8ABkyvP8ID4CZuChA/wxSx+XSJmdOm8rGVyJ1hdQ==, tarball: https://registry.npmmirror.com/only/-/only-0.0.2.tgz}
    dev: false

  /parseurl@1.3.3:
    resolution: {integrity: sha512-CiyeOxFT/JZyN5m0z9PfXw4SCBJ6Sygz1Dpl0wqjlhDEGGBP1GnsUVEL0p63hoG1fcj3fHynXi9NYO4nWOL+qQ==, tarball: https://registry.npmmirror.com/parseurl/-/parseurl-1.3.3.tgz}
    engines: {node: '>= 0.8'}
    dev: false

  /path-to-regexp@6.2.1:
    resolution: {integrity: sha512-JLyh7xT1kizaEvcaXOQwOc2/Yhw6KZOvPf1S8401UyLk86CU79LN3vl7ztXGm/pZ+YjoyAJ4rxmHwbkBXJX+yw==, tarball: https://registry.npmmirror.com/path-to-regexp/-/path-to-regexp-6.2.1.tgz}
    dev: false

  /resolve-pkg-maps@1.0.0:
    resolution: {integrity: sha512-seS2Tj26TBVOC2NIc2rOe2y2ZO7efxITtLZcGSOnHHNOQ7CkiUBfw0Iw2ck6xkIhPwLhKNLS8BO+hEpngQlqzw==, tarball: https://registry.npmmirror.com/resolve-pkg-maps/-/resolve-pkg-maps-1.0.0.tgz}
    dev: false

  /safe-buffer@5.2.1:
    resolution: {integrity: sha512-rp3So07KcdmmKbGvgaNxQSJr7bGVSVk5S9Eq1F+ppbRo70+YeaDxkw5Dd8NPN+GD6bjnYm2VuPuCXmpuYvmCXQ==, tarball: https://registry.npmmirror.com/safe-buffer/-/safe-buffer-5.2.1.tgz}
    dev: false

  /semver@7.6.0:
    resolution: {integrity: sha512-EnwXhrlwXMk9gKu5/flx5sv/an57AkRplG3hTK68W7FRDN+k+OWBj65M7719OkA82XLBxrcX0KSHj+X5COhOVg==, tarball: https://registry.npmmirror.com/semver/-/semver-7.6.0.tgz}
    engines: {node: '>=10'}
    hasBin: true
    dependencies:
      lru-cache: 6.0.0
    dev: false

  /setprototypeof@1.2.0:
    resolution: {integrity: sha512-E5LDX7Wrp85Kil5bhZv46j8jOeboKq5JMmYM3gVGdGH8xFpPWXUMsNrlODCrkoxMEeNi/XZIwuRvY4XNwYMJpw==, tarball: https://registry.npmmirror.com/setprototypeof/-/setprototypeof-1.2.0.tgz}
    dev: false

  /statuses@1.5.0:
    resolution: {integrity: sha512-OpZ3zP+jT1PI7I8nemJX4AKmAX070ZkYPVWV/AaKTJl+tXCTGyVdC1a4SL8RUQYEwk/f34ZX8UTykN68FwrqAA==, tarball: https://registry.npmmirror.com/statuses/-/statuses-1.5.0.tgz}
    engines: {node: '>= 0.6'}
    dev: false

  /statuses@2.0.1:
    resolution: {integrity: sha512-RwNA9Z/7PrK06rYLIzFMlaF+l73iwpzsqRIFgbMLbTcLD6cOao82TaWefPXQvB2fOC4AjuYSEndS7N/mTCbkdQ==, tarball: https://registry.npmmirror.com/statuses/-/statuses-2.0.1.tgz}
    engines: {node: '>= 0.8'}
    dev: false

  /toidentifier@1.0.1:
    resolution: {integrity: sha512-o5sSPKEkg/DIQNmH43V0/uerLrpzVedkUh8tGNvaeXpfpuwjKenlSox/2O/BTlZUtEe+JG7s5YhEz608PlAHRA==, tarball: https://registry.npmmirror.com/toidentifier/-/toidentifier-1.0.1.tgz}
    engines: {node: '>=0.6'}
    dev: false

  /tsscmp@1.0.6:
    resolution: {integrity: sha512-LxhtAkPDTkVCMQjt2h6eBVY28KCjikZqZfMcC15YBeNjkgUpdCfBu5HoiOTDu86v6smE8yOjyEktJ8hlbANHQA==, tarball: https://registry.npmmirror.com/tsscmp/-/tsscmp-1.0.6.tgz}
    engines: {node: '>=0.6.x'}
    dev: false

  /tsx@4.7.1:
    resolution: {integrity: sha512-8d6VuibXHtlN5E3zFkgY8u4DX7Y3Z27zvvPKVmLon/D4AjuKzarkUBTLDBgj9iTQ0hg5xM7c/mYiRVM+HETf0g==, tarball: https://registry.npmmirror.com/tsx/-/tsx-4.7.1.tgz}
    engines: {node: '>=18.0.0'}
    hasBin: true
    dependencies:
      esbuild: 0.19.12
      get-tsconfig: 4.7.3
    optionalDependencies:
      fsevents: 2.3.3
    dev: false

  /type-is@1.6.18:
    resolution: {integrity: sha512-TkRKr9sUTxEH8MdfuCSP7VizJyzRNMjj2J2do2Jr3Kym598JVdEksuzPQCnlFPW4ky9Q+iA+ma9BGm06XQBy8g==, tarball: https://registry.npmmirror.com/type-is/-/type-is-1.6.18.tgz}
    engines: {node: '>= 0.6'}
    dependencies:
      media-typer: 0.3.0
      mime-types: 2.1.35
    dev: false

  /typescript@5.4.3:
    resolution: {integrity: sha512-KrPd3PKaCLr78MalgiwJnA25Nm8HAmdwN3mYUYZgG/wizIo9EainNVQI9/yDavtVFRN2h3k8uf3GLHuhDMgEHg==, tarball: https://registry.npmmirror.com/typescript/-/typescript-5.4.3.tgz}
    engines: {node: '>=14.17'}
    hasBin: true
    dev: true

  /undici-types@5.26.5:
    resolution: {integrity: sha512-JlCMO+ehdEIKqlFxk6IfVoAUVmgz7cU7zD/h9XZ0qzeosSHmUJVOzSQvvYSYWXkFXC+IfLKSIffhv0sVZup6pA==, tarball: https://registry.npmmirror.com/undici-types/-/undici-types-5.26.5.tgz}
    dev: true

  /vary@1.1.2:
    resolution: {integrity: sha512-BNGbWLfd0eUPabhkXUVm0j8uuvREyTh5ovRa/dyow/BqAbZJyC+5fU+IzQOzmAKzYqYRAISoRhdQr3eIZ/PXqg==, tarball: https://registry.npmmirror.com/vary/-/vary-1.1.2.tgz}
    engines: {node: '>= 0.8'}
    dev: false

  /yallist@4.0.0:
    resolution: {integrity: sha512-3wdGidZyq5PB084XLES5TpOSRA3wjXAlIWMhum2kRcv/41Sn2emQ0dycQW4uZXLejwKvg6EsvbdlVL+FYEct7A==, tarball: https://registry.npmmirror.com/yallist/-/yallist-4.0.0.tgz}
    dev: false

  /ylru@1.4.0:
    resolution: {integrity: sha512-2OQsPNEmBCvXuFlIni/a+Rn+R2pHW9INm0BxXJ4hVDA8TirqMj+J/Rp9ItLatT/5pZqWwefVrTQcHpixsxnVlA==, tarball: https://registry.npmmirror.com/ylru/-/ylru-1.4.0.tgz}
    engines: {node: '>= 4.0.0'}
    dev: false
